
Microsoft Visual Studio Solution File, Format Version 12.00
# Visual Studio Version 16
VisualStudioVersion = 16.0.31624.102
MinimumVisualStudioVersion = 10.0.40219.1
Project("{FAE04EC0-301F-11D3-BF4B-00C04F79EFBC}") = "HelloWorld", "HelloWorld\HelloWorld.csproj", "{AF3C750C-027C-44BD-A34D-D93F265C0F6F}"
EndProject
Global
	GlobalSection(SolutionConfigurationPlatforms) = preSolution
		Debug|Any CPU = Debug|Any CPU
		Release|Any CPU = Release|Any CPU
	EndGlobalSection
	GlobalSection(ProjectConfigurationPlatforms) = postSolution
		{AF3C750C-027C-44BD-A34D-D93F265C0F6F}.Debug|Any CPU.ActiveCfg = Debug|Any CPU
		{AF3C750C-027C-44BD-A34D-D93F265C0F6F}.Debug|Any CPU.Build.0 = Debug|Any CPU
		{AF3C750C-027C-44BD-A34D-D93F265C0F6F}.Release|Any CPU.ActiveCfg = Release|Any CPU
		{AF3C750C-027C-44BD-A34D-D93F265C0F6F}.Release|Any CPU.Build.0 = Release|Any CPU
	EndGlobalSection
	GlobalSection(SolutionProperties) = preSolution
		HideSolutionNode = FALSE
	EndGlobalSection
	GlobalSection(ExtensibilityGlobals) = postSolution
		SolutionGuid = {C51C66FE-BE3A-4CAC-A93F-A12F7AD24D95}
	EndGlobalSection
EndGlobal
